
Microsoft Visual Studio Solution File, Format Version 12.00
# Visual Studio 15
VisualStudioVersion = 15.0.26124.0
MinimumVisualStudioVersion = 15.0.26124.0
Project("{2150E333-8FDC-42A3-9474-1A3956D46DE8}") = "Solution Items", "Solution Items", "{08CCFCF6-2248-43ED-A6EF-E972A2DA0E6A}"
	ProjectSection(SolutionItems) = preProject
		package.json = package.json
		README.md = README.md
		.editorconfig = .editorconfig
		.fantomasignore = .fantomasignore
		.gitignore = .gitignore
		.npmrc = .npmrc
	EndProjectSection
EndProject
Project("{2150E333-8FDC-42A3-9474-1A3956D46DE8}") = "src", "src", "{F84DCF8A-FC1A-4677-AF4D-616AD7DB3470}"
EndProject
Project("{F2A71F9B-5D33-465A-A702-920D77279786}") = "Server", "src\Server\Server.fsproj", "{B56110F0-2D27-4718-8C80-E7FDE3439A63}"
EndProject
Project("{F2A71F9B-5D33-465A-A702-920D77279786}") = "Shared", "src\Shared\Shared.fsproj", "{D3B46224-4633-4F22-909F-B5F3B0267ECB}"
EndProject
Project("{F2A71F9B-5D33-465A-A702-920D77279786}") = "Build", "Build.fsproj", "{B7F18B25-9BD9-46A3-9E23-81CAABCCB4DF}"
EndProject
Global
	GlobalSection(SolutionConfigurationPlatforms) = preSolution
		Debug|Any CPU = Debug|Any CPU
		Debug|x64 = Debug|x64
		Debug|x86 = Debug|x86
		Release|Any CPU = Release|Any CPU
		Release|x64 = Release|x64
		Release|x86 = Release|x86
	EndGlobalSection
	GlobalSection(ProjectConfigurationPlatforms) = postSolution
		{B56110F0-2D27-4718-8C80-E7FDE3439A63}.Debug|Any CPU.ActiveCfg = Debug|Any CPU
		{B56110F0-2D27-4718-8C80-E7FDE3439A63}.Debug|Any CPU.Build.0 = Debug|Any CPU
		{B56110F0-2D27-4718-8C80-E7FDE3439A63}.Debug|x64.ActiveCfg = Debug|Any CPU
		{B56110F0-2D27-4718-8C80-E7FDE3439A63}.Debug|x64.Build.0 = Debug|Any CPU
		{B56110F0-2D27-4718-8C80-E7FDE3439A63}.Debug|x86.ActiveCfg = Debug|Any CPU
		{B56110F0-2D27-4718-8C80-E7FDE3439A63}.Debug|x86.Build.0 = Debug|Any CPU
		{B56110F0-2D27-4718-8C80-E7FDE3439A63}.Release|Any CPU.ActiveCfg = Release|Any CPU
		{B56110F0-2D27-4718-8C80-E7FDE3439A63}.Release|Any CPU.Build.0 = Release|Any CPU
		{B56110F0-2D27-4718-8C80-E7FDE3439A63}.Release|x64.ActiveCfg = Release|Any CPU
		{B56110F0-2D27-4718-8C80-E7FDE3439A63}.Release|x64.Build.0 = Release|Any CPU
		{B56110F0-2D27-4718-8C80-E7FDE3439A63}.Release|x86.ActiveCfg = Release|Any CPU
		{B56110F0-2D27-4718-8C80-E7FDE3439A63}.Release|x86.Build.0 = Release|Any CPU
		{D3B46224-4633-4F22-909F-B5F3B0267ECB}.Debug|Any CPU.ActiveCfg = Debug|Any CPU
		{D3B46224-4633-4F22-909F-B5F3B0267ECB}.Debug|Any CPU.Build.0 = Debug|Any CPU
		{D3B46224-4633-4F22-909F-B5F3B0267ECB}.Debug|x64.ActiveCfg = Debug|Any CPU
		{D3B46224-4633-4F22-909F-B5F3B0267ECB}.Debug|x64.Build.0 = Debug|Any CPU
		{D3B46224-4633-4F22-909F-B5F3B0267ECB}.Debug|x86.ActiveCfg = Debug|Any CPU
		{D3B46224-4633-4F22-909F-B5F3B0267ECB}.Debug|x86.Build.0 = Debug|Any CPU
		{D3B46224-4633-4F22-909F-B5F3B0267ECB}.Release|Any CPU.ActiveCfg = Release|Any CPU
		{D3B46224-4633-4F22-909F-B5F3B0267ECB}.Release|Any CPU.Build.0 = Release|Any CPU
		{D3B46224-4633-4F22-909F-B5F3B0267ECB}.Release|x64.ActiveCfg = Release|Any CPU
		{D3B46224-4633-4F22-909F-B5F3B0267ECB}.Release|x64.Build.0 = Release|Any CPU
		{D3B46224-4633-4F22-909F-B5F3B0267ECB}.Release|x86.ActiveCfg = Release|Any CPU
		{D3B46224-4633-4F22-909F-B5F3B0267ECB}.Release|x86.Build.0 = Release|Any CPU
		{B7F18B25-9BD9-46A3-9E23-81CAABCCB4DF}.Debug|Any CPU.ActiveCfg = Debug|Any CPU
		{B7F18B25-9BD9-46A3-9E23-81CAABCCB4DF}.Debug|Any CPU.Build.0 = Debug|Any CPU
		{B7F18B25-9BD9-46A3-9E23-81CAABCCB4DF}.Debug|x64.ActiveCfg = Debug|Any CPU
		{B7F18B25-9BD9-46A3-9E23-81CAABCCB4DF}.Debug|x64.Build.0 = Debug|Any CPU
		{B7F18B25-9BD9-46A3-9E23-81CAABCCB4DF}.Debug|x86.ActiveCfg = Debug|Any CPU
		{B7F18B25-9BD9-46A3-9E23-81CAABCCB4DF}.Debug|x86.Build.0 = Debug|Any CPU
		{B7F18B25-9BD9-46A3-9E23-81CAABCCB4DF}.Release|Any CPU.ActiveCfg = Release|Any CPU
		{B7F18B25-9BD9-46A3-9E23-81CAABCCB4DF}.Release|Any CPU.Build.0 = Release|Any CPU
		{B7F18B25-9BD9-46A3-9E23-81CAABCCB4DF}.Release|x64.ActiveCfg = Release|Any CPU
		{B7F18B25-9BD9-46A3-9E23-81CAABCCB4DF}.Release|x64.Build.0 = Release|Any CPU
		{B7F18B25-9BD9-46A3-9E23-81CAABCCB4DF}.Release|x86.ActiveCfg = Release|Any CPU
		{B7F18B25-9BD9-46A3-9E23-81CAABCCB4DF}.Release|x86.Build.0 = Release|Any CPU
	EndGlobalSection
	GlobalSection(SolutionProperties) = preSolution
		HideSolutionNode = FALSE
	EndGlobalSection
	GlobalSection(NestedProjects) = preSolution
		{B56110F0-2D27-4718-8C80-E7FDE3439A63} = {F84DCF8A-FC1A-4677-AF4D-616AD7DB3470}
		{D3B46224-4633-4F22-909F-B5F3B0267ECB} = {F84DCF8A-FC1A-4677-AF4D-616AD7DB3470}
	EndGlobalSection
EndGlobal
